
Microsoft Visual Studio Solution File, Format Version 12.00
# Visual Studio Version 17
VisualStudioVersion = 17.13.35919.96 d17.13
MinimumVisualStudioVersion = 10.0.40219.1
Project("{FAE04EC0-301F-11D3-BF4B-00C04F79EFBC}") = "BLL", "BLL\BLL.csproj", "{A90B496A-AE1E-40A2-8436-749D161126B0}"
EndProject
Project("{FAE04EC0-301F-11D3-BF4B-00C04F79EFBC}") = "DAL", "DAL\DAL.csproj", "{B9BDCF28-35C0-4E88-90D4-DC565C72EBB0}"
EndProject
Project("{FAE04EC0-301F-11D3-BF4B-00C04F79EFBC}") = "Domain", "Domain\Domain.csproj", "{DD1AB7C6-31C8-4551-A80F-FFDEE583D10F}"
EndProject
Project("{FAE04EC0-301F-11D3-BF4B-00C04F79EFBC}") = "UI", "UI\UI.csproj", "{AE863C83-737E-4AA1-A660-EA724D9A2B65}"
EndProject
Global
	GlobalSection(SolutionConfigurationPlatforms) = preSolution
		Debug|Any CPU = Debug|Any CPU
		Release|Any CPU = Release|Any CPU
	EndGlobalSection
	GlobalSection(ProjectConfigurationPlatforms) = postSolution
		{A90B496A-AE1E-40A2-8436-749D161126B0}.Debug|Any CPU.ActiveCfg = Debug|Any CPU
		{A90B496A-AE1E-40A2-8436-749D161126B0}.Debug|Any CPU.Build.0 = Debug|Any CPU
		{A90B496A-AE1E-40A2-8436-749D161126B0}.Release|Any CPU.ActiveCfg = Release|Any CPU
		{A90B496A-AE1E-40A2-8436-749D161126B0}.Release|Any CPU.Build.0 = Release|Any CPU
		{B9BDCF28-35C0-4E88-90D4-DC565C72EBB0}.Debug|Any CPU.ActiveCfg = Debug|Any CPU
		{B9BDCF28-35C0-4E88-90D4-DC565C72EBB0}.Debug|Any CPU.Build.0 = Debug|Any CPU
		{B9BDCF28-35C0-4E88-90D4-DC565C72EBB0}.Release|Any CPU.ActiveCfg = Release|Any CPU
		{B9BDCF28-35C0-4E88-90D4-DC565C72EBB0}.Release|Any CPU.Build.0 = Release|Any CPU
		{DD1AB7C6-31C8-4551-A80F-FFDEE583D10F}.Debug|Any CPU.ActiveCfg = Debug|Any CPU
		{DD1AB7C6-31C8-4551-A80F-FFDEE583D10F}.Debug|Any CPU.Build.0 = Debug|Any CPU
		{DD1AB7C6-31C8-4551-A80F-FFDEE583D10F}.Release|Any CPU.ActiveCfg = Release|Any CPU
		{DD1AB7C6-31C8-4551-A80F-FFDEE583D10F}.Release|Any CPU.Build.0 = Release|Any CPU
		{AE863C83-737E-4AA1-A660-EA724D9A2B65}.Debug|Any CPU.ActiveCfg = Debug|Any CPU
		{AE863C83-737E-4AA1-A660-EA724D9A2B65}.Debug|Any CPU.Build.0 = Debug|Any CPU
		{AE863C83-737E-4AA1-A660-EA724D9A2B65}.Release|Any CPU.ActiveCfg = Release|Any CPU
		{AE863C83-737E-4AA1-A660-EA724D9A2B65}.Release|Any CPU.Build.0 = Release|Any CPU
	EndGlobalSection
	GlobalSection(SolutionProperties) = preSolution
		HideSolutionNode = FALSE
	EndGlobalSection
	GlobalSection(ExtensibilityGlobals) = postSolution
		SolutionGuid = {37830A7F-7D04-4DBD-93AB-037C6B574BC6}
	EndGlobalSection
EndGlobal
